
Microsoft Visual Studio Solution File, Format Version 12.00
# Visual Studio Version 16
VisualStudioVersion = 16.0.31729.503
MinimumVisualStudioVersion = 10.0.40219.1
Project("{9A19103F-16F7-4668-BE54-9A1E7A4F7556}") = "MusicDrone.API", "MusicDrone.API\MusicDrone.API.csproj", "{EBD11F74-D3E7-4283-8DC3-82BC380E3D12}"
EndProject
Project("{9A19103F-16F7-4668-BE54-9A1E7A4F7556}") = "MusicDrone.Business", "MusicDrone.Business\MusicDrone.Business.csproj", "{D13F03CD-282C-42BC-940B-0F150FFA0772}"
EndProject
Project("{9A19103F-16F7-4668-BE54-9A1E7A4F7556}") = "MusicDrone.Data", "MusicDrone.Data\MusicDrone.Data.csproj", "{C53AB64C-DA9E-4667-9C15-BEB477EBD375}"
EndProject
Project("{FAE04EC0-301F-11D3-BF4B-00C04F79EFBC}") = "MusicDrone.IntegrationTests", "MusicDrone.IntegrationTests\MusicDrone.IntegrationTests.csproj", "{6419DED0-148D-41CD-B68F-AFBA1FAC199F}"
EndProject
Global
	GlobalSection(SolutionConfigurationPlatforms) = preSolution
		Debug|Any CPU = Debug|Any CPU
		Release|Any CPU = Release|Any CPU
	EndGlobalSection
	GlobalSection(ProjectConfigurationPlatforms) = postSolution
		{EBD11F74-D3E7-4283-8DC3-82BC380E3D12}.Debug|Any CPU.ActiveCfg = Debug|Any CPU
		{EBD11F74-D3E7-4283-8DC3-82BC380E3D12}.Debug|Any CPU.Build.0 = Debug|Any CPU
		{EBD11F74-D3E7-4283-8DC3-82BC380E3D12}.Release|Any CPU.ActiveCfg = Release|Any CPU
		{EBD11F74-D3E7-4283-8DC3-82BC380E3D12}.Release|Any CPU.Build.0 = Release|Any CPU
		{D13F03CD-282C-42BC-940B-0F150FFA0772}.Debug|Any CPU.ActiveCfg = Debug|Any CPU
		{D13F03CD-282C-42BC-940B-0F150FFA0772}.Debug|Any CPU.Build.0 = Debug|Any CPU
		{D13F03CD-282C-42BC-940B-0F150FFA0772}.Release|Any CPU.ActiveCfg = Release|Any CPU
		{D13F03CD-282C-42BC-940B-0F150FFA0772}.Release|Any CPU.Build.0 = Release|Any CPU
		{C53AB64C-DA9E-4667-9C15-BEB477EBD375}.Debug|Any CPU.ActiveCfg = Debug|Any CPU
		{C53AB64C-DA9E-4667-9C15-BEB477EBD375}.Debug|Any CPU.Build.0 = Debug|Any CPU
		{C53AB64C-DA9E-4667-9C15-BEB477EBD375}.Release|Any CPU.ActiveCfg = Release|Any CPU
		{C53AB64C-DA9E-4667-9C15-BEB477EBD375}.Release|Any CPU.Build.0 = Release|Any CPU
		{6419DED0-148D-41CD-B68F-AFBA1FAC199F}.Debug|Any CPU.ActiveCfg = Debug|Any CPU
		{6419DED0-148D-41CD-B68F-AFBA1FAC199F}.Debug|Any CPU.Build.0 = Debug|Any CPU
		{6419DED0-148D-41CD-B68F-AFBA1FAC199F}.Release|Any CPU.ActiveCfg = Release|Any CPU
		{6419DED0-148D-41CD-B68F-AFBA1FAC199F}.Release|Any CPU.Build.0 = Release|Any CPU
	EndGlobalSection
	GlobalSection(SolutionProperties) = preSolution
		HideSolutionNode = FALSE
	EndGlobalSection
	GlobalSection(ExtensibilityGlobals) = postSolution
		SolutionGuid = {786734C2-67FF-495E-ADF6-C76ACC5C9293}
	EndGlobalSection
EndGlobal
